PODS:
  - CocoaAsyncSocket (7.6.1)

DEPENDENCIES:
  - CocoaAsyncSocket (from `https://github.com/robbiehanson/CocoaAsyncSocket.git`, tag `7.6.1`)

EXTERNAL SOURCES:
  CocoaAsyncSocket:
    :git: https://github.com/robbiehanson/CocoaAsyncSocket.git
    :tag: 7.6.1

CHECKOUT OPTIONS:
  CocoaAsyncSocket:
    :git: https://github.com/robbiehanson/CocoaAsyncSocket.git
    :tag: 7.6.1

SPEC CHECKSUMS:
  CocoaAsyncSocket: 7eadd3f59e1a6c84e2aefc93e9ff7b55156fe174

PODFILE CHECKSUM: abe1337e0734ccec7bcdac3b11a40fc973f7a5e8

COCOAPODS: 1.2.0
